<?xml version="1.0" encoding="utf-8"?>
<Project ToolsVersion="4.0" xmlns="http://schemas.microsoft.com/developer/msbuild/2003">
  <ItemGroup>
    <Filter Include="Logger">
      <UniqueIdentifier>{978367ce-8bda-4e64-9dd2-37fccd820c1a}</UniqueIdentifier>
    </Filter>
    <Filter Include="Utils">
      <UniqueIdentifier>{48c7fe33-8660-4499-8b7e-fd5ede8d0804}</UniqueIdentifier>
    </Filter>
    <Filter Include="Classes">
      <UniqueIdentifier>{71dca56c-d54f-4264-ac89-3125bc68f46e}</UniqueIdentifier>
    </Filter>
  </ItemGroup>
  <ItemGroup>
    <ClCompile Include="Logger.cpp">
      <Filter>Logger</Filter>
    </ClCompile>
    <ClCompile Include="ByteArrayUtils.cpp">
      <Filter>Utils</Filter>
    </ClCompile>
    <ClCompile Include="StringUtils.cpp">
      <Filter>Utils</Filter>
    </ClCompile>
    <ClCompile Include="CRC32.cpp">
      <Filter>Classes</Filter>
    </ClCompile>
    <ClCompile Include="IPEndPoint.cpp">
      <Filter>Classes</Filter>
    </ClCompile>
    <ClCompile Include="GuidUtils.cpp">
      <Filter>Utils</Filter>
    </ClCompile>
    <ClCompile Include="SocketUtils.cpp">
      <Filter>Utils</Filter>
    </ClCompile>
  </ItemGroup>
  <ItemGroup>
    <ClInclude Include="Logger.h">
      <Filter>Logger</Filter>
    </ClInclude>
    <ClInclude Include="ByteArrayUtils.h">
      <Filter>Utils</Filter>
    </ClInclude>
    <ClInclude Include="StringUtils.h">
      <Filter>Utils</Filter>
    </ClInclude>
    <ClInclude Include="Version.h">
      <Filter>Classes</Filter>
    </ClInclude>
    <ClInclude Include="IPEndPoint.h">
      <Filter>Classes</Filter>
    </ClInclude>
    <ClInclude Include="CRC32.h">
      <Filter>Classes</Filter>
    </ClInclude>
    <ClInclude Include="typedef.h" />
    <ClInclude Include="GuidUtils.h">
      <Filter>Utils</Filter>
    </ClInclude>
    <ClInclude Include="Vector3.h">
      <Filter>Classes</Filter>
    </ClInclude>
    <ClInclude Include="ThreadLoop.h">
      <Filter>Classes</Filter>
    </ClInclude>
    <ClInclude Include="SocketUtils.h">
      <Filter>Utils</Filter>
    </ClInclude>
  </ItemGroup>
</Project>